
Microsoft Visual Studio Solution File, Format Version 12.00
# Visual Studio Version 16
VisualStudioVersion = 16.0.31025.194
MinimumVisualStudioVersion = 10.0.40219.1
Project("{FAE04EC0-301F-11D3-BF4B-00C04F79EFBC}") = "APIClasses", "APIClasses\APIClasses.csproj", "{7894DFE7-16A4-4753-B988-4472489397DF}"
EndProject
Project("{FAE04EC0-301F-11D3-BF4B-00C04F79EFBC}") = "BlockchainServer", "BlockchainServer\BlockchainServer.csproj", "{30C525EB-F843-4CD9-8158-DEB0FDC2A524}"
EndProject
Project("{FAE04EC0-301F-11D3-BF4B-00C04F79EFBC}") = "Miner", "Miner\Miner.csproj", "{DC06D823-463C-49FF-BC30-D8687313A3E5}"
EndProject
Global
	GlobalSection(SolutionConfigurationPlatforms) = preSolution
		Debug|Any CPU = Debug|Any CPU
		Release|Any CPU = Release|Any CPU
	EndGlobalSection
	GlobalSection(ProjectConfigurationPlatforms) = postSolution
		{7894DFE7-16A4-4753-B988-4472489397DF}.Debug|Any CPU.ActiveCfg = Debug|Any CPU
		{7894DFE7-16A4-4753-B988-4472489397DF}.Debug|Any CPU.Build.0 = Debug|Any CPU
		{7894DFE7-16A4-4753-B988-4472489397DF}.Release|Any CPU.ActiveCfg = Release|Any CPU
		{7894DFE7-16A4-4753-B988-4472489397DF}.Release|Any CPU.Build.0 = Release|Any CPU
		{30C525EB-F843-4CD9-8158-DEB0FDC2A524}.Debug|Any CPU.ActiveCfg = Debug|Any CPU
		{30C525EB-F843-4CD9-8158-DEB0FDC2A524}.Debug|Any CPU.Build.0 = Debug|Any CPU
		{30C525EB-F843-4CD9-8158-DEB0FDC2A524}.Release|Any CPU.ActiveCfg = Release|Any CPU
		{30C525EB-F843-4CD9-8158-DEB0FDC2A524}.Release|Any CPU.Build.0 = Release|Any CPU
		{DC06D823-463C-49FF-BC30-D8687313A3E5}.Debug|Any CPU.ActiveCfg = Debug|Any CPU
		{DC06D823-463C-49FF-BC30-D8687313A3E5}.Debug|Any CPU.Build.0 = Debug|Any CPU
		{DC06D823-463C-49FF-BC30-D8687313A3E5}.Release|Any CPU.ActiveCfg = Release|Any CPU
		{DC06D823-463C-49FF-BC30-D8687313A3E5}.Release|Any CPU.Build.0 = Release|Any CPU
	EndGlobalSection
	GlobalSection(SolutionProperties) = preSolution
		HideSolutionNode = FALSE
	EndGlobalSection
	GlobalSection(ExtensibilityGlobals) = postSolution
		SolutionGuid = {6AB00F75-624D-45E3-826B-0E0C6AF71B06}
	EndGlobalSection
EndGlobal
